
Microsoft Visual Studio Solution File, Format Version 12.00
# Visual Studio 15
VisualStudioVersion = 15.0.27004.2010
MinimumVisualStudioVersion = 10.0.40219.1
Project("{FAE04EC0-301F-11D3-BF4B-00C04F79EFBC}") = "Nep5_Contract", "nep5_contract\Nep5_Contract.csproj", "{CA318421-35AF-4E48-8D5F-EC096D57E1C5}"
EndProject
Project("{FAE04EC0-301F-11D3-BF4B-00C04F79EFBC}") = "Nep5_Contract_Hack", "nep5_contract_hack\Nep5_Contract_Hack.csproj", "{498B299E-AC9B-4CFE-8F97-49BEAE70804D}"
EndProject
Project("{FAE04EC0-301F-11D3-BF4B-00C04F79EFBC}") = "Nep5.1_Contract", "nep5.1_contract\Nep5.1_Contract.csproj", "{61D9E518-71CE-486F-A278-F86144E8BA8D}"
EndProject
Project("{FAE04EC0-301F-11D3-BF4B-00C04F79EFBC}") = "Nep5.5_Contract", "nep5.5_contract\Nep5.5_Contract.csproj", "{08A71358-F24A-41B2-BA66-085A49E75E59}"
EndProject
Project("{FAE04EC0-301F-11D3-BF4B-00C04F79EFBC}") = "Nep5.5gas_Contract", "nep5.5gas_contract\Nep5.5gas_Contract.csproj", "{9AB1F4DB-B744-4807-8051-72735359C749}"
EndProject
Global
	GlobalSection(SolutionConfigurationPlatforms) = preSolution
		Debug|Any CPU = Debug|Any CPU
		Release|Any CPU = Release|Any CPU
	EndGlobalSection
	GlobalSection(ProjectConfigurationPlatforms) = postSolution
		{CA318421-35AF-4E48-8D5F-EC096D57E1C5}.Debug|Any CPU.ActiveCfg = Debug|Any CPU
		{CA318421-35AF-4E48-8D5F-EC096D57E1C5}.Debug|Any CPU.Build.0 = Debug|Any CPU
		{CA318421-35AF-4E48-8D5F-EC096D57E1C5}.Release|Any CPU.ActiveCfg = Release|Any CPU
		{CA318421-35AF-4E48-8D5F-EC096D57E1C5}.Release|Any CPU.Build.0 = Release|Any CPU
		{498B299E-AC9B-4CFE-8F97-49BEAE70804D}.Debug|Any CPU.ActiveCfg = Debug|Any CPU
		{498B299E-AC9B-4CFE-8F97-49BEAE70804D}.Debug|Any CPU.Build.0 = Debug|Any CPU
		{498B299E-AC9B-4CFE-8F97-49BEAE70804D}.Release|Any CPU.ActiveCfg = Release|Any CPU
		{498B299E-AC9B-4CFE-8F97-49BEAE70804D}.Release|Any CPU.Build.0 = Release|Any CPU
		{61D9E518-71CE-486F-A278-F86144E8BA8D}.Debug|Any CPU.ActiveCfg = Debug|Any CPU
		{61D9E518-71CE-486F-A278-F86144E8BA8D}.Debug|Any CPU.Build.0 = Debug|Any CPU
		{61D9E518-71CE-486F-A278-F86144E8BA8D}.Release|Any CPU.ActiveCfg = Release|Any CPU
		{61D9E518-71CE-486F-A278-F86144E8BA8D}.Release|Any CPU.Build.0 = Release|Any CPU
		{08A71358-F24A-41B2-BA66-085A49E75E59}.Debug|Any CPU.ActiveCfg = Debug|Any CPU
		{08A71358-F24A-41B2-BA66-085A49E75E59}.Debug|Any CPU.Build.0 = Debug|Any CPU
		{08A71358-F24A-41B2-BA66-085A49E75E59}.Release|Any CPU.ActiveCfg = Release|Any CPU
		{08A71358-F24A-41B2-BA66-085A49E75E59}.Release|Any CPU.Build.0 = Release|Any CPU
		{9AB1F4DB-B744-4807-8051-72735359C749}.Debug|Any CPU.ActiveCfg = Debug|Any CPU
		{9AB1F4DB-B744-4807-8051-72735359C749}.Debug|Any CPU.Build.0 = Debug|Any CPU
		{9AB1F4DB-B744-4807-8051-72735359C749}.Release|Any CPU.ActiveCfg = Release|Any CPU
		{9AB1F4DB-B744-4807-8051-72735359C749}.Release|Any CPU.Build.0 = Release|Any CPU
	EndGlobalSection
	GlobalSection(SolutionProperties) = preSolution
		HideSolutionNode = FALSE
	EndGlobalSection
	GlobalSection(ExtensibilityGlobals) = postSolution
		SolutionGuid = {AB3AF73A-DADC-4675-A2BF-7C880D0D5F9E}
	EndGlobalSection
EndGlobal
